// !$*UTF8*$!
{
	archiveVersion = 1;
	classes = {
	};
	objectVersion = 50;
	objects = {

/* Begin PBXBuildFile section */
		0F1D9D9A21B3020300D272E1 /* gameday.json in Resources */ = {isa = PBXBuildFile; fileRef = 0F1D9D9921B3020300D272E1 /* gameday.json */; };
		0F1D9D9C21B3053700D272E1 /* gamedates.json in Resources */ = {isa = PBXBuildFile; fileRef = 0F1D9D9B21B3053700D272E1 /* gamedates.json */; };
		0FB9F04E217D27CD00752425 /* ChoosePassViewController.swift in Sources */ = {isa = PBXBuildFile; fileRef = 0FB9F04D217D27CD00752425 /* ChoosePassViewController.swift */; };
		0FB9F050217D2CE500752425 /* Constants.swift in Sources */ = {isa = PBXBuildFile; fileRef = 0FB9F04F217D2CE500752425 /* Constants.swift */; };
		0FB9F07D217D531200752425 /* parkingData.json in Resources */ = {isa = PBXBuildFile; fileRef = 0FB9F07C217D531200752425 /* parkingData.json */; };
		673A6836B613CFAC40109F4F /* Pods_ios_midterm_2.framework in Frameworks */ = {isa = PBXBuildFile; fileRef = 021579AE8F1BEB12DA4F994D /* Pods_ios_midterm_2.framework */; };
		800045E221B8B17000C4DE89 /* AddParkingViewController.swift in Sources */ = {isa = PBXBuildFile; fileRef = 800045DD21B8B17000C4DE89 /* AddParkingViewController.swift */; };
		800045E321B8B17000C4DE89 /* Cells.swift in Sources */ = {isa = PBXBuildFile; fileRef = 800045DE21B8B17000C4DE89 /* Cells.swift */; };
		800045E421B8B17000C4DE89 /* LoginViewController.swift in Sources */ = {isa = PBXBuildFile; fileRef = 800045DF21B8B17000C4DE89 /* LoginViewController.swift */; };
		800045E521B8B17000C4DE89 /* AdminMapViewController.swift in Sources */ = {isa = PBXBuildFile; fileRef = 800045E021B8B17000C4DE89 /* AdminMapViewController.swift */; };
		800045E621B8B17000C4DE89 /* SettingsViewController.swift in Sources */ = {isa = PBXBuildFile; fileRef = 800045E121B8B17000C4DE89 /* SettingsViewController.swift */; };
		800045E821B8D70C00C4DE89 /* ChooseDayViewController.swift in Sources */ = {isa = PBXBuildFile; fileRef = 800045E721B8D70C00C4DE89 /* ChooseDayViewController.swift */; };
		8002EDBB21BED8660020B2DB /* GoogleService-Info.plist in Resources */ = {isa = PBXBuildFile; fileRef = 8002EDBA21BED8660020B2DB /* GoogleService-Info.plist */; };
		806A91D921729D3B00EDA648 /* AppDelegate.swift in Sources */ = {isa = PBXBuildFile; fileRef = 806A91D821729D3B00EDA648 /* AppDelegate.swift */; };
		806A91DB21729D3B00EDA648 /* MapViewController.swift in Sources */ = {isa = PBXBuildFile; fileRef = 806A91DA21729D3B00EDA648 /* MapViewController.swift */; };
		806A91E021729D3C00EDA648 /* Assets.xcassets in Resources */ = {isa = PBXBuildFile; fileRef = 806A91DF21729D3C00EDA648 /* Assets.xcassets */; };
		806A91E321729D3C00EDA648 /* LaunchScreen.storyboard in Resources */ = {isa = PBXBuildFile; fileRef = 806A91E121729D3C00EDA648 /* LaunchScreen.storyboard */; };
		809053C821BC93860077730D /* firebase-test-data-to-import.json in Resources */ = {isa = PBXBuildFile; fileRef = 809053C721BC93860077730D /* firebase-test-data-to-import.json */; };
		80E968B821BF047800BE4E78 /* Extensions.swift in Sources */ = {isa = PBXBuildFile; fileRef = 80E968B721BF047800BE4E78 /* Extensions.swift */; };
		80EB846B21B8AE58003448EF /* ParkingTableViewController.swift in Sources */ = {isa = PBXBuildFile; fileRef = 80EB846921B8AE57003448EF /* ParkingTableViewController.swift */; };
		A351FD3021B8BD41002486C6 /* TimeAndDurationViewController.swift in Sources */ = {isa = PBXBuildFile; fileRef = A351FD2F21B8BD41002486C6 /* TimeAndDurationViewController.swift */; };
		A351FD3621BDAC0E002486C6 /* TicketsViewController.swift in Sources */ = {isa = PBXBuildFile; fileRef = A351FD3521BDAC0E002486C6 /* TicketsViewController.swift */; };
		A3C38205218003DD003D53E7 /* ParkingDetailsViewController.swift in Sources */ = {isa = PBXBuildFile; fileRef = A3C38203218003DD003D53E7 /* ParkingDetailsViewController.swift */; };
/* End PBXBuildFile section */

/* Begin PBXFileReference section */
		021579AE8F1BEB12DA4F994D /* Pods_ios_midterm_2.framework */ = {isa = PBXFileReference; explicitFileType = wrapper.framework; includeInIndex = 0; path = Pods_ios_midterm_2.framework; sourceTree = BUILT_PRODUCTS_DIR; };
		0F1D9D9921B3020300D272E1 /* gameday.json */ = {isa = PBXFileReference; fileEncoding = 4; lastKnownFileType = text.json; path = gameday.json; sourceTree = "<group>"; };
		0F1D9D9B21B3053700D272E1 /* gamedates.json */ = {isa = PBXFileReference; fileEncoding = 4; lastKnownFileType = text.json; path = gamedates.json; sourceTree = "<group>"; };
		0F1D9D9F21B362C300D272E1 /* ios-midterm-2.entitlements */ = {isa = PBXFileReference; lastKnownFileType = text.plist.entitlements; path = "ios-midterm-2.entitlements"; sourceTree = "<group>"; };
		0FB9F04D217D27CD00752425 /* ChoosePassViewController.swift */ = {isa = PBXFileReference; lastKnownFileType = sourcecode.swift; path = ChoosePassViewController.swift; sourceTree = "<group>"; };
		0FB9F04F217D2CE500752425 /* Constants.swift */ = {isa = PBXFileReference; lastKnownFileType = sourcecode.swift; path = Constants.swift; sourceTree = "<group>"; };
		0FB9F07C217D531200752425 /* parkingData.json */ = {isa = PBXFileReference; fileEncoding = 4; lastKnownFileType = text.json; path = parkingData.json; sourceTree = "<group>"; };
		800045DD21B8B17000C4DE89 /* AddParkingViewController.swift */ = {isa = PBXFileReference; fileEncoding = 4; lastKnownFileType = sourcecode.swift; path = AddParkingViewController.swift; sourceTree = "<group>"; };
		800045DE21B8B17000C4DE89 /* Cells.swift */ = {isa = PBXFileReference; fileEncoding = 4; lastKnownFileType = sourcecode.swift; path = Cells.swift; sourceTree = "<group>"; };
		800045DF21B8B17000C4DE89 /* LoginViewController.swift */ = {isa = PBXFileReference; fileEncoding = 4; lastKnownFileType = sourcecode.swift; path = LoginViewController.swift; sourceTree = "<group>"; };
		800045E021B8B17000C4DE89 /* AdminMapViewController.swift */ = {isa = PBXFileReference; fileEncoding = 4; lastKnownFileType = sourcecode.swift; path = AdminMapViewController.swift; sourceTree = "<group>"; };
		800045E121B8B17000C4DE89 /* SettingsViewController.swift */ = {isa = PBXFileReference; fileEncoding = 4; lastKnownFileType = sourcecode.swift; path = SettingsViewController.swift; sourceTree = "<group>"; };
		800045E721B8D70C00C4DE89 /* ChooseDayViewController.swift */ = {isa = PBXFileReference; lastKnownFileType = sourcecode.swift; path = ChooseDayViewController.swift; sourceTree = "<group>"; };
		8002EDBA21BED8660020B2DB /* GoogleService-Info.plist */ = {isa = PBXFileReference; fileEncoding = 4; lastKnownFileType = text.plist.xml; path = "GoogleService-Info.plist"; sourceTree = "<group>"; };
		806A91D521729D3B00EDA648 /* ios-midterm-2.app */ = {isa = PBXFileReference; explicitFileType = wrapper.application; includeInIndex = 0; path = "ios-midterm-2.app"; sourceTree = BUILT_PRODUCTS_DIR; };
		806A91D821729D3B00EDA648 /* AppDelegate.swift */ = {isa = PBXFileReference; lastKnownFileType = sourcecode.swift; path = AppDelegate.swift; sourceTree = "<group>"; };
		806A91DA21729D3B00EDA648 /* MapViewController.swift */ = {isa = PBXFileReference; lastKnownFileType = sourcecode.swift; path = MapViewController.swift; sourceTree = "<group>"; };
		806A91DF21729D3C00EDA648 /* Assets.xcassets */ = {isa = PBXFileReference; lastKnownFileType = folder.assetcatalog; path = Assets.xcassets; sourceTree = "<group>"; };
		806A91E221729D3C00EDA648 /* Base */ = {isa = PBXFileReference; lastKnownFileType = file.storyboard; name = Base; path = Base.lproj/LaunchScreen.storyboard; sourceTree = "<group>"; };
		806A91E421729D3C00EDA648 /* Info.plist */ = {isa = PBXFileReference; lastKnownFileType = text.plist.xml; path = Info.plist; sourceTree = "<group>"; };
		809053C721BC93860077730D /* firebase-test-data-to-import.json */ = {isa = PBXFileReference; fileEncoding = 4; lastKnownFileType = text.json; path = "firebase-test-data-to-import.json"; sourceTree = "<group>"; };
		80E968B721BF047800BE4E78 /* Extensions.swift */ = {isa = PBXFileReference; lastKnownFileType = sourcecode.swift; path = Extensions.swift; sourceTree = "<group>"; };
		80EB846921B8AE57003448EF /* ParkingTableViewController.swift */ = {isa = PBXFileReference; fileEncoding = 4; lastKnownFileType = sourcecode.swift; path = ParkingTableViewController.swift; sourceTree = "<group>"; };
		8D5FCD1DCB6ADBAB7364569C /* Pods-ios-midterm-2.debug.xcconfig */ = {isa = PBXFileReference; includeInIndex = 1; lastKnownFileType = text.xcconfig; name = "Pods-ios-midterm-2.debug.xcconfig"; path = "Pods/Target Support Files/Pods-ios-midterm-2/Pods-ios-midterm-2.debug.xcconfig"; sourceTree = "<group>"; };
		A351FD2F21B8BD41002486C6 /* TimeAndDurationViewController.swift */ = {isa = PBXFileReference; lastKnownFileType = sourcecode.swift; path = TimeAndDurationViewController.swift; sourceTree = "<group>"; };
		A351FD3521BDAC0E002486C6 /* TicketsViewController.swift */ = {isa = PBXFileReference; lastKnownFileType = sourcecode.swift; path = TicketsViewController.swift; sourceTree = "<group>"; };
		A3C38203218003DD003D53E7 /* ParkingDetailsViewController.swift */ = {isa = PBXFileReference; lastKnownFileType = sourcecode.swift; path = ParkingDetailsViewController.swift; sourceTree = "<group>"; };
		A86FA118A07857057941F1F4 /* Pods-ios-midterm-2.release.xcconfig */ = {isa = PBXFileReference; includeInIndex = 1; lastKnownFileType = text.xcconfig; name = "Pods-ios-midterm-2.release.xcconfig"; path = "Pods/Target Support Files/Pods-ios-midterm-2/Pods-ios-midterm-2.release.xcconfig"; sourceTree = "<group>"; };
/* End PBXFileReference section */

/* Begin PBXFrameworksBuildPhase section */
		806A91D221729D3B00EDA648 /* Frameworks */ = {
			isa = PBXFrameworksBuildPhase;
			buildActionMask = 2147483647;
			files = (
				673A6836B613CFAC40109F4F /* Pods_ios_midterm_2.framework in Frameworks */,
			);
			runOnlyForDeploymentPostprocessing = 0;
		};
/* End PBXFrameworksBuildPhase section */

/* Begin PBXGroup section */
		30717E026EEBBAE4DD133FFC /* Frameworks */ = {
			isa = PBXGroup;
			children = (
				021579AE8F1BEB12DA4F994D /* Pods_ios_midterm_2.framework */,
			);
			name = Frameworks;
			sourceTree = "<group>";
		};
		800045DC21B8B15500C4DE89 /* Admin Views */ = {
			isa = PBXGroup;
			children = (
				800045E121B8B17000C4DE89 /* SettingsViewController.swift */,
				800045DF21B8B17000C4DE89 /* LoginViewController.swift */,
				800045DD21B8B17000C4DE89 /* AddParkingViewController.swift */,
				800045E021B8B17000C4DE89 /* AdminMapViewController.swift */,
				800045E721B8D70C00C4DE89 /* ChooseDayViewController.swift */,
				800045DE21B8B17000C4DE89 /* Cells.swift */,
			);
			path = "Admin Views";
			sourceTree = "<group>";
		};
		806A91CC21729D3B00EDA648 = {
			isa = PBXGroup;
			children = (
				806A91D721729D3B00EDA648 /* ios-midterm-2 */,
				806A91D621729D3B00EDA648 /* Products */,
				88D588324986C503A9982C0C /* Pods */,
				30717E026EEBBAE4DD133FFC /* Frameworks */,
			);
			sourceTree = "<group>";
		};
		806A91D621729D3B00EDA648 /* Products */ = {
			isa = PBXGroup;
			children = (
				806A91D521729D3B00EDA648 /* ios-midterm-2.app */,
			);
			name = Products;
			sourceTree = "<group>";
		};
		806A91D721729D3B00EDA648 /* ios-midterm-2 */ = {
			isa = PBXGroup;
			children = (
				806A91D821729D3B00EDA648 /* AppDelegate.swift */,
				0FB9F04D217D27CD00752425 /* ChoosePassViewController.swift */,
				806A91DA21729D3B00EDA648 /* MapViewController.swift */,
				A3C38203218003DD003D53E7 /* ParkingDetailsViewController.swift */,
				80EB846921B8AE57003448EF /* ParkingTableViewController.swift */,
				A351FD2F21B8BD41002486C6 /* TimeAndDurationViewController.swift */,
				A351FD3521BDAC0E002486C6 /* TicketsViewController.swift */,
				80E968B921BF049500BE4E78 /* Helpers */,
				800045DC21B8B15500C4DE89 /* Admin Views */,
				80F65C3E21B453470019FEB9 /* data */,
				806A91DF21729D3C00EDA648 /* Assets.xcassets */,
				806A91E121729D3C00EDA648 /* LaunchScreen.storyboard */,
				806A91E421729D3C00EDA648 /* Info.plist */,
				8002EDBA21BED8660020B2DB /* GoogleService-Info.plist */,
				0F1D9D9F21B362C300D272E1 /* ios-midterm-2.entitlements */,
			);
			path = "ios-midterm-2";
			sourceTree = "<group>";
		};
		80E968B921BF049500BE4E78 /* Helpers */ = {
			isa = PBXGroup;
			children = (
				0FB9F04F217D2CE500752425 /* Constants.swift */,
				80E968B721BF047800BE4E78 /* Extensions.swift */,
			);
			path = Helpers;
			sourceTree = "<group>";
		};
		80F65C3E21B453470019FEB9 /* data */ = {
			isa = PBXGroup;
			children = (
				809053C721BC93860077730D /* firebase-test-data-to-import.json */,
				0F1D9D9B21B3053700D272E1 /* gamedates.json */,
				0F1D9D9921B3020300D272E1 /* gameday.json */,
				0FB9F07C217D531200752425 /* parkingData.json */,
			);
			path = data;
			sourceTree = "<group>";
		};
		88D588324986C503A9982C0C /* Pods */ = {
			isa = PBXGroup;
			children = (
				8D5FCD1DCB6ADBAB7364569C /* Pods-ios-midterm-2.debug.xcconfig */,
				A86FA118A07857057941F1F4 /* Pods-ios-midterm-2.release.xcconfig */,
			);
			name = Pods;
			sourceTree = "<group>";
		};
/* End PBXGroup section */

/* Begin PBXNativeTarget section */
		806A91D421729D3B00EDA648 /* ios-midterm-2 */ = {
			isa = PBXNativeTarget;
			buildConfigurationList = 806A91E721729D3C00EDA648 /* Build configuration list for PBXNativeTarget "ios-midterm-2" */;
			buildPhases = (
				B59B191699C8E4BA5BC7835F /* [CP] Check Pods Manifest.lock */,
				806A91D121729D3B00EDA648 /* Sources */,
				806A91D221729D3B00EDA648 /* Frameworks */,
				806A91D321729D3B00EDA648 /* Resources */,
				4C2459135FE5213CE4F387BC /* [CP] Embed Pods Frameworks */,
			);
			buildRules = (
			);
			dependencies = (
			);
			name = "ios-midterm-2";
			productName = "ios-midterm-2";
			productReference = 806A91D521729D3B00EDA648 /* ios-midterm-2.app */;
			productType = "com.apple.product-type.application";
		};
/* End PBXNativeTarget section */

/* Begin PBXProject section */
		806A91CD21729D3B00EDA648 /* Project object */ = {
			isa = PBXProject;
			attributes = {
				LastSwiftUpdateCheck = 1000;
				LastUpgradeCheck = 1000;
				ORGANIZATIONNAME = "Jordan George";
				TargetAttributes = {
					806A91D421729D3B00EDA648 = {
						CreatedOnToolsVersion = 10.0;
						SystemCapabilities = {
							com.apple.BackgroundModes = {
								enabled = 1;
							};
							com.apple.Push = {
								enabled = 1;
							};
						};
					};
				};
			};
			buildConfigurationList = 806A91D021729D3B00EDA648 /* Build configuration list for PBXProject "ios-midterm-2" */;
			compatibilityVersion = "Xcode 9.3";
			developmentRegion = en;
			hasScannedForEncodings = 0;
			knownRegions = (
				en,
				Base,
			);
			mainGroup = 806A91CC21729D3B00EDA648;
			productRefGroup = 806A91D621729D3B00EDA648 /* Products */;
			projectDirPath = "";
			projectRoot = "";
			targets = (
				806A91D421729D3B00EDA648 /* ios-midterm-2 */,
			);
		};
/* End PBXProject section */

/* Begin PBXResourcesBuildPhase section */
		806A91D321729D3B00EDA648 /* Resources */ = {
			isa = PBXResourcesBuildPhase;
			buildActionMask = 2147483647;
			files = (
				0F1D9D9A21B3020300D272E1 /* gameday.json in Resources */,
				806A91E321729D3C00EDA648 /* LaunchScreen.storyboard in Resources */,
				806A91E021729D3C00EDA648 /* Assets.xcassets in Resources */,
				0F1D9D9C21B3053700D272E1 /* gamedates.json in Resources */,
				0FB9F07D217D531200752425 /* parkingData.json in Resources */,
				809053C821BC93860077730D /* firebase-test-data-to-import.json in Resources */,
				8002EDBB21BED8660020B2DB /* GoogleService-Info.plist in Resources */,
			);
			runOnlyForDeploymentPostprocessing = 0;
		};
/* End PBXResourcesBuildPhase section */

/* Begin PBXShellScriptBuildPhase section */
		4C2459135FE5213CE4F387BC /* [CP] Embed Pods Frameworks */ = {
			isa = PBXShellScriptBuildPhase;
			buildActionMask = 2147483647;
			files = (
			);
			inputFileListPaths = (
			);
			inputPaths = (
				"${SRCROOT}/Pods/Target Support Files/Pods-ios-midterm-2/Pods-ios-midterm-2-frameworks.sh",
				"${BUILT_PRODUCTS_DIR}/GoogleUtilities/GoogleUtilities.framework",
				"${BUILT_PRODUCTS_DIR}/Static/Static.framework",
				"${BUILT_PRODUCTS_DIR}/leveldb-library/leveldb.framework",
				"${BUILT_PRODUCTS_DIR}/nanopb/nanopb.framework",
			);
			name = "[CP] Embed Pods Frameworks";
			outputFileListPaths = (
			);
			outputPaths = (
				"${TARGET_BUILD_DIR}/${FRAMEWORKS_FOLDER_PATH}/GoogleUtilities.framework",
				"${TARGET_BUILD_DIR}/${FRAMEWORKS_FOLDER_PATH}/Static.framework",
				"${TARGET_BUILD_DIR}/${FRAMEWORKS_FOLDER_PATH}/leveldb.framework",
				"${TARGET_BUILD_DIR}/${FRAMEWORKS_FOLDER_PATH}/nanopb.framework",
			);
			runOnlyForDeploymentPostprocessing = 0;
			shellPath = /bin/sh;
			shellScript = "\"${SRCROOT}/Pods/Target Support Files/Pods-ios-midterm-2/Pods-ios-midterm-2-frameworks.sh\"\n";
			showEnvVarsInLog = 0;
		};
		B59B191699C8E4BA5BC7835F /* [CP] Check Pods Manifest.lock */ = {
			isa = PBXShellScriptBuildPhase;
			buildActionMask = 2147483647;
			files = (
			);
			inputFileListPaths = (
			);
			inputPaths = (
				"${PODS_PODFILE_DIR_PATH}/Podfile.lock",
				"${PODS_ROOT}/Manifest.lock",
			);
			name = "[CP] Check Pods Manifest.lock";
			outputFileListPaths = (
			);
			outputPaths = (
				"$(DERIVED_FILE_DIR)/Pods-ios-midterm-2-checkManifestLockResult.txt",
			);
			runOnlyForDeploymentPostprocessing = 0;
			shellPath = /bin/sh;
			shellScript = "diff \"${PODS_PODFILE_DIR_PATH}/Podfile.lock\" \"${PODS_ROOT}/Manifest.lock\" > /dev/null\nif [ $? != 0 ] ; then\n    # print error to STDERR\n    echo \"error: The sandbox is not in sync with the Podfile.lock. Run 'pod install' or update your CocoaPods installation.\" >&2\n    exit 1\nfi\n# This output is used by Xcode 'outputs' to avoid re-running this script phase.\necho \"SUCCESS\" > \"${SCRIPT_OUTPUT_FILE_0}\"\n";
			showEnvVarsInLog = 0;
		};
/* End PBXShellScriptBuildPhase section */

/* Begin PBXSourcesBuildPhase section */
		806A91D121729D3B00EDA648 /* Sources */ = {
			isa = PBXSourcesBuildPhase;
			buildActionMask = 2147483647;
			files = (
				A351FD3621BDAC0E002486C6 /* TicketsViewController.swift in Sources */,
				800045E321B8B17000C4DE89 /* Cells.swift in Sources */,
				800045E421B8B17000C4DE89 /* LoginViewController.swift in Sources */,
				806A91DB21729D3B00EDA648 /* MapViewController.swift in Sources */,
				A351FD3021B8BD41002486C6 /* TimeAndDurationViewController.swift in Sources */,
				0FB9F04E217D27CD00752425 /* ChoosePassViewController.swift in Sources */,
				806A91D921729D3B00EDA648 /* AppDelegate.swift in Sources */,
				80EB846B21B8AE58003448EF /* ParkingTableViewController.swift in Sources */,
				800045E221B8B17000C4DE89 /* AddParkingViewController.swift in Sources */,
				0FB9F050217D2CE500752425 /* Constants.swift in Sources */,
				80E968B821BF047800BE4E78 /* Extensions.swift in Sources */,
				800045E621B8B17000C4DE89 /* SettingsViewController.swift in Sources */,
				A3C38205218003DD003D53E7 /* ParkingDetailsViewController.swift in Sources */,
				800045E521B8B17000C4DE89 /* AdminMapViewController.swift in Sources */,
				800045E821B8D70C00C4DE89 /* ChooseDayViewController.swift in Sources */,
			);
			runOnlyForDeploymentPostprocessing = 0;
		};
/* End PBXSourcesBuildPhase section */

/* Begin PBXVariantGroup section */
		806A91E121729D3C00EDA648 /* LaunchScreen.storyboard */ = {
			isa = PBXVariantGroup;
			children = (
				806A91E221729D3C00EDA648 /* Base */,
			);
			name = LaunchScreen.storyboard;
			sourceTree = "<group>";
		};
/* End PBXVariantGroup section */

/* Begin XCBuildConfiguration section */
		806A91E521729D3C00EDA648 /* Debug */ = {
			isa = XCBuildConfiguration;
			buildSettings = {
				ALWAYS_SEARCH_USER_PATHS = NO;
				CLANG_ANALYZER_NONNULL = YES;
				CLANG_ANALYZER_NUMBER_OBJECT_CONVERSION = YES_AGGRESSIVE;
				CLANG_CXX_LANGUAGE_STANDARD = "gnu++14";
				CLANG_CXX_LIBRARY = "libc++";
				CLANG_ENABLE_MODULES = YES;
				CLANG_ENABLE_OBJC_ARC = YES;
				CLANG_ENABLE_OBJC_WEAK = YES;
				CLANG_WARN_BLOCK_CAPTURE_AUTORELEASING = YES;
				CLANG_WARN_BOOL_CONVERSION = YES;
				CLANG_WARN_COMMA = YES;
				CLANG_WARN_CONSTANT_CONVERSION = YES;
				CLANG_WARN_DEPRECATED_OBJC_IMPLEMENTATIONS = YES;
				CLANG_WARN_DIRECT_OBJC_ISA_USAGE = YES_ERROR;
				CLANG_WARN_DOCUMENTATION_COMMENTS = YES;
				CLANG_WARN_EMPTY_BODY = YES;
				CLANG_WARN_ENUM_CONVERSION = YES;
				CLANG_WARN_INFINITE_RECURSION = YES;
				CLANG_WARN_INT_CONVERSION = YES;
				CLANG_WARN_NON_LITERAL_NULL_CONVERSION = YES;
				CLANG_WARN_OBJC_IMPLICIT_RETAIN_SELF = YES;
				CLANG_WARN_OBJC_LITERAL_CONVERSION = YES;
				CLANG_WARN_OBJC_ROOT_CLASS = YES_ERROR;
				CLANG_WARN_RANGE_LOOP_ANALYSIS = YES;
				CLANG_WARN_STRICT_PROTOTYPES = YES;
				CLANG_WARN_SUSPICIOUS_MOVE = YES;
				CLANG_WARN_UNGUARDED_AVAILABILITY = YES_AGGRESSIVE;
				CLANG_WARN_UNREACHABLE_CODE = YES;
				CLANG_WARN__DUPLICATE_METHOD_MATCH = YES;
				CODE_SIGN_IDENTITY = "iPhone Developer";
				COPY_PHASE_STRIP = NO;
				DEBUG_INFORMATION_FORMAT = dwarf;
				ENABLE_STRICT_OBJC_MSGSEND = YES;
				ENABLE_TESTABILITY = YES;
				GCC_C_LANGUAGE_STANDARD = gnu11;
				GCC_DYNAMIC_NO_PIC = NO;
				GCC_NO_COMMON_BLOCKS = YES;
				GCC_OPTIMIZATION_LEVEL = 0;
				GCC_PREPROCESSOR_DEFINITIONS = (
					"DEBUG=1",
					"$(inherited)",
				);
				GCC_WARN_64_TO_32_BIT_CONVERSION = YES;
				GCC_WARN_ABOUT_RETURN_TYPE = YES_ERROR;
				GCC_WARN_UNDECLARED_SELECTOR = YES;
				GCC_WARN_UNINITIALIZED_AUTOS = YES_AGGRESSIVE;
				GCC_WARN_UNUSED_FUNCTION = YES;
				GCC_WARN_UNUSED_VARIABLE = YES;
				IPHONEOS_DEPLOYMENT_TARGET = 12.0;
				MTL_ENABLE_DEBUG_INFO = INCLUDE_SOURCE;
				MTL_FAST_MATH = YES;
				ONLY_ACTIVE_ARCH = YES;
				SDKROOT = iphoneos;
				SWIFT_ACTIVE_COMPILATION_CONDITIONS = DEBUG;
				SWIFT_OPTIMIZATION_LEVEL = "-Onone";
			};
			name = Debug;
		};
		806A91E621729D3C00EDA648 /* Release */ = {
			isa = XCBuildConfiguration;
			buildSettings = {
				ALWAYS_SEARCH_USER_PATHS = NO;
				CLANG_ANALYZER_NONNULL = YES;
				CLANG_ANALYZER_NUMBER_OBJECT_CONVERSION = YES_AGGRESSIVE;
				CLANG_CXX_LANGUAGE_STANDARD = "gnu++14";
				CLANG_CXX_LIBRARY = "libc++";
				CLANG_ENABLE_MODULES = YES;
				CLANG_ENABLE_OBJC_ARC = YES;
				CLANG_ENABLE_OBJC_WEAK = YES;
				CLANG_WARN_BLOCK_CAPTURE_AUTORELEASING = YES;
				CLANG_WARN_BOOL_CONVERSION = YES;
				CLANG_WARN_COMMA = YES;
				CLANG_WARN_CONSTANT_CONVERSION = YES;
				CLANG_WARN_DEPRECATED_OBJC_IMPLEMENTATIONS = YES;
				CLANG_WARN_DIRECT_OBJC_ISA_USAGE = YES_ERROR;
				CLANG_WARN_DOCUMENTATION_COMMENTS = YES;
				CLANG_WARN_EMPTY_BODY = YES;
				CLANG_WARN_ENUM_CONVERSION = YES;
				CLANG_WARN_INFINITE_RECURSION = YES;
				CLANG_WARN_INT_CONVERSION = YES;
				CLANG_WARN_NON_LITERAL_NULL_CONVERSION = YES;
				CLANG_WARN_OBJC_IMPLICIT_RETAIN_SELF = YES;
				CLANG_WARN_OBJC_LITERAL_CONVERSION = YES;
				CLANG_WARN_OBJC_ROOT_CLASS = YES_ERROR;
				CLANG_WARN_RANGE_LOOP_ANALYSIS = YES;
				CLANG_WARN_STRICT_PROTOTYPES = YES;
				CLANG_WARN_SUSPICIOUS_MOVE = YES;
				CLANG_WARN_UNGUARDED_AVAILABILITY = YES_AGGRESSIVE;
				CLANG_WARN_UNREACHABLE_CODE = YES;
				CLANG_WARN__DUPLICATE_METHOD_MATCH = YES;
				CODE_SIGN_IDENTITY = "iPhone Developer";
				COPY_PHASE_STRIP = NO;
				DEBUG_INFORMATION_FORMAT = "dwarf-with-dsym";
				ENABLE_NS_ASSERTIONS = NO;
				ENABLE_STRICT_OBJC_MSGSEND = YES;
				GCC_C_LANGUAGE_STANDARD = gnu11;
				GCC_NO_COMMON_BLOCKS = YES;
				GCC_WARN_64_TO_32_BIT_CONVERSION = YES;
				GCC_WARN_ABOUT_RETURN_TYPE = YES_ERROR;
				GCC_WARN_UNDECLARED_SELECTOR = YES;
				GCC_WARN_UNINITIALIZED_AUTOS = YES_AGGRESSIVE;
				GCC_WARN_UNUSED_FUNCTION = YES;
				GCC_WARN_UNUSED_VARIABLE = YES;
				IPHONEOS_DEPLOYMENT_TARGET = 12.0;
				MTL_ENABLE_DEBUG_INFO = NO;
				MTL_FAST_MATH = YES;
				SDKROOT = iphoneos;
				SWIFT_COMPILATION_MODE = wholemodule;
				SWIFT_OPTIMIZATION_LEVEL = "-O";
				VALIDATE_PRODUCT = YES;
			};
			name = Release;
		};
		806A91E821729D3C00EDA648 /* Debug */ = {
			isa = XCBuildConfiguration;
			baseConfigurationReference = 8D5FCD1DCB6ADBAB7364569C /* Pods-ios-midterm-2.debug.xcconfig */;
			buildSettings = {
				ASSETCATALOG_COMPILER_APPICON_NAME = AppIcon;
				CODE_SIGN_ENTITLEMENTS = "ios-midterm-2/ios-midterm-2.entitlements";
				CODE_SIGN_STYLE = Automatic;
				DEVELOPMENT_TEAM = "";
				INFOPLIST_FILE = "ios-midterm-2/Info.plist";
				IPHONEOS_DEPLOYMENT_TARGET = 11.0;
				LD_RUNPATH_SEARCH_PATHS = (
					"$(inherited)",
					"@executable_path/Frameworks",
				);
				PRODUCT_BUNDLE_IDENTIFIER = "jordangeorge.ios-midterm-2";
				PRODUCT_NAME = "$(TARGET_NAME)";
				SWIFT_VERSION = 4.2;
				TARGETED_DEVICE_FAMILY = "1,2";
			};
			name = Debug;
		};
		806A91E921729D3C00EDA648 /* Release */ = {
			isa = XCBuildConfiguration;
			baseConfigurationReference = A86FA118A07857057941F1F4 /* Pods-ios-midterm-2.release.xcconfig */;
			buildSettings = {
				ASSETCATALOG_COMPILER_APPICON_NAME = AppIcon;
				CODE_SIGN_ENTITLEMENTS = "ios-midterm-2/ios-midterm-2.entitlements";
				CODE_SIGN_STYLE = Automatic;
				DEVELOPMENT_TEAM = "";
				INFOPLIST_FILE = "ios-midterm-2/Info.plist";
				IPHONEOS_DEPLOYMENT_TARGET = 11.0;
				LD_RUNPATH_SEARCH_PATHS = (
					"$(inherited)",
					"@executable_path/Frameworks",
				);
				PRODUCT_BUNDLE_IDENTIFIER = "jordangeorge.ios-midterm-2";
				PRODUCT_NAME = "$(TARGET_NAME)";
				SWIFT_VERSION = 4.2;
				TARGETED_DEVICE_FAMILY = "1,2";
			};
			name = Release;
		};
/* End XCBuildConfiguration section */

/* Begin XCConfigurationList section */
		806A91D021729D3B00EDA648 /* Build configuration list for PBXProject "ios-midterm-2" */ = {
			isa = XCConfigurationList;
			buildConfigurations = (
				806A91E521729D3C00EDA648 /* Debug */,
				806A91E621729D3C00EDA648 /* Release */,
			);
			defaultConfigurationIsVisible = 0;
			defaultConfigurationName = Release;
		};
		806A91E721729D3C00EDA648 /* Build configuration list for PBXNativeTarget "ios-midterm-2" */ = {
			isa = XCConfigurationList;
			buildConfigurations = (
				806A91E821729D3C00EDA648 /* Debug */,
				806A91E921729D3C00EDA648 /* Release */,
			);
			defaultConfigurationIsVisible = 0;
			defaultConfigurationName = Release;
		};
/* End XCConfigurationList section */
	};
	rootObject = 806A91CD21729D3B00EDA648 /* Project object */;
}
